
Microsoft Visual Studio Solution File, Format Version 12.00
# Visual Studio Version 17
VisualStudioVersion = 17.13.35931.197 d17.13
MinimumVisualStudioVersion = 10.0.40219.1
Project("{FAE04EC0-301F-11D3-BF4B-00C04F79EFBC}") = "SpaCitasAPI", "SpaCitasAPI.csproj", "{798B025F-C7F0-46C4-80A3-BB7F53F12C45}"
EndProject
Global
	GlobalSection(SolutionConfigurationPlatforms) = preSolution
		Debug|Any CPU = Debug|Any CPU
		Release|Any CPU = Release|Any CPU
	EndGlobalSection
	GlobalSection(ProjectConfigurationPlatforms) = postSolution
		{798B025F-C7F0-46C4-80A3-BB7F53F12C45}.Debug|Any CPU.ActiveCfg = Debug|Any CPU
		{798B025F-C7F0-46C4-80A3-BB7F53F12C45}.Debug|Any CPU.Build.0 = Debug|Any CPU
		{798B025F-C7F0-46C4-80A3-BB7F53F12C45}.Release|Any CPU.ActiveCfg = Release|Any CPU
		{798B025F-C7F0-46C4-80A3-BB7F53F12C45}.Release|Any CPU.Build.0 = Release|Any CPU
	EndGlobalSection
	GlobalSection(SolutionProperties) = preSolution
		HideSolutionNode = FALSE
	EndGlobalSection
	GlobalSection(ExtensibilityGlobals) = postSolution
		SolutionGuid = {3EE87101-1765-4763-A39B-916EA8A81CC4}
	EndGlobalSection
EndGlobal
